# THIS IS AN AUTOGENERATED FILE. DO NOT EDIT THIS FILE DIRECTLY.
# yarn lockfile v1


map-obj@~3.0.0:
  version "3.0.0"
  resolved "https://registry.yarnpkg.com/map-obj/-/map-obj-3.0.0.tgz#4221cc62360f88c0735f9e7c0813bd889657f490"
  integrity sha512-Ot+2wruG8WqTbJngDxz0Ifm03y2pO4iL+brq/l+yEkGjUza03BnMQqX2XT//Jls8MOOl2VTHviAoLX+/nq/HXw==

prettier@^1.15.3:
  version "1.15.3"
  resolved "https://registry.yarnpkg.com/prettier/-/prettier-1.15.3.tgz#1feaac5bdd181237b54dbe65d874e02a1472786a"
  integrity sha512-gAU9AGAPMaKb3NNSUUuhhFAS7SCO4ALTN4nRIn6PJ075Qd28Yn2Ig2ahEJWdJwJmlEBTUfC7mMUSFy8MwsOCfg==

snakecase-keys@^2.1.0:
  version "2.1.0"
  resolved "https://registry.yarnpkg.com/snakecase-keys/-/snakecase-keys-2.1.0.tgz#619833e8ff730a74eb0348eaa2f871f97bc92297"
  integrity sha512-oQSiCIgNCwixBf8Kxgv0SPo67zQSutIEymAk/dkgcdZEOMPvGMGPua/WwYGPG4LLHArGGews3CB3zEEfqlMk2g==
  dependencies:
    map-obj "~3.0.0"
    to-snake-case "~1.0.0"

to-no-case@^1.0.0:
  version "1.0.2"
  resolved "https://registry.yarnpkg.com/to-no-case/-/to-no-case-1.0.2.tgz#c722907164ef6b178132c8e69930212d1b4aa16a"
  integrity sha1-xyKQcWTvaxeBMsjmmTAhLRtKoWo=

to-snake-case@~1.0.0:
  version "1.0.0"
  resolved "https://registry.yarnpkg.com/to-snake-case/-/to-snake-case-1.0.0.tgz#ce746913897946019a87e62edfaeaea4c608ab8c"
  integrity sha1-znRpE4l5RgGah+Yu366upMYIq4w=
  dependencies:
    to-space-case "^1.0.0"

to-space-case@^1.0.0:
  version "1.0.0"
  resolved "https://registry.yarnpkg.com/to-space-case/-/to-space-case-1.0.0.tgz#b052daafb1b2b29dc770cea0163e5ec0ebc9fc17"
  integrity sha1-sFLar7Gysp3HcM6gFj5ewOvJ/Bc=
  dependencies:
    to-no-case "^1.0.0"

validate.js@^0.12.0:
  version "0.12.0"
  resolved "https://registry.yarnpkg.com/validate.js/-/validate.js-0.12.0.tgz#17f989e37c192ea2f826bbf19bf4e97e6e4be68f"
  integrity sha512-/x2RJSvbqEyxKj0RPN4xaRquK+EggjeVXiDDEyrJzsJogjtiZ9ov7lj/svVb4DM5Q5braQF4cooAryQbUwOxlA==
